// !$*UTF8*$!
{
	archiveVersion = 1;
	classes = {
	};
	objectVersion = 46;
	objects = {

/* Begin PBXBuildFile section */
		950610AE1E6F1CB9003594B0 /* RealmModel.swift in Sources */ = {isa = PBXBuildFile; fileRef = 950610AD1E6F1CB9003594B0 /* RealmModel.swift */; };
		952548A71E70DB1F00FAAE42 /* StatsViewController.swift in Sources */ = {isa = PBXBuildFile; fileRef = 952548A61E70DB1F00FAAE42 /* StatsViewController.swift */; };
		952D11C11E69AB29001BCAFF /* AddViewController.swift in Sources */ = {isa = PBXBuildFile; fileRef = 952D11C01E69AB29001BCAFF /* AddViewController.swift */; };
		952D11C31E69BADB001BCAFF /* BellSelectViewController.swift in Sources */ = {isa = PBXBuildFile; fileRef = 952D11C21E69BADB001BCAFF /* BellSelectViewController.swift */; };
		952D11C51E69D31F001BCAFF /* BellCollectionViewCell.swift in Sources */ = {isa = PBXBuildFile; fileRef = 952D11C41E69D31F001BCAFF /* BellCollectionViewCell.swift */; };
		95952C581EE61A6900C1201E /* UserNotifications.framework in Frameworks */ = {isa = PBXBuildFile; fileRef = 95952C571EE61A6900C1201E /* UserNotifications.framework */; };
		95FADB451E68579E0005B11F /* AppDelegate.swift in Sources */ = {isa = PBXBuildFile; fileRef = 95FADB441E68579E0005B11F /* AppDelegate.swift */; };
		95FADB471E68579E0005B11F /* ViewController.swift in Sources */ = {isa = PBXBuildFile; fileRef = 95FADB461E68579E0005B11F /* ViewController.swift */; };
		95FADB4A1E68579E0005B11F /* Main.storyboard in Resources */ = {isa = PBXBuildFile; fileRef = 95FADB481E68579E0005B11F /* Main.storyboard */; };
		95FADB4C1E68579E0005B11F /* Assets.xcassets in Resources */ = {isa = PBXBuildFile; fileRef = 95FADB4B1E68579E0005B11F /* Assets.xcassets */; };
		95FADB4F1E68579E0005B11F /* LaunchScreen.storyboard in Resources */ = {isa = PBXBuildFile; fileRef = 95FADB4D1E68579E0005B11F /* LaunchScreen.storyboard */; };
		95FADB571E685A390005B11F /* sounds in Resources */ = {isa = PBXBuildFile; fileRef = 95FADB561E685A390005B11F /* sounds */; };
		95FADB5B1E685EA50005B11F /* PresetsTableViewController.swift in Sources */ = {isa = PBXBuildFile; fileRef = 95FADB5A1E685EA50005B11F /* PresetsTableViewController.swift */; };
		95FADB5D1E6862670005B11F /* TableViewCell.swift in Sources */ = {isa = PBXBuildFile; fileRef = 95FADB5C1E6862670005B11F /* TableViewCell.swift */; };
		FD564C30B7D0C90B427341A3 /* Pods_PracticeTimer.framework in Frameworks */ = {isa = PBXBuildFile; fileRef = CB0D048C71263EF99E430CAC /* Pods_PracticeTimer.framework */; };
/* End PBXBuildFile section */

/* Begin PBXFileReference section */
		08F7DB090AD6BBB6FFD288AE /* Pods-PracticeTimer.debug.xcconfig */ = {isa = PBXFileReference; includeInIndex = 1; lastKnownFileType = text.xcconfig; name = "Pods-PracticeTimer.debug.xcconfig"; path = "Pods/Target Support Files/Pods-PracticeTimer/Pods-PracticeTimer.debug.xcconfig"; sourceTree = "<group>"; };
		4A8A945AFC7A111A909F84DC /* Pods-PracticeTimer.release.xcconfig */ = {isa = PBXFileReference; includeInIndex = 1; lastKnownFileType = text.xcconfig; name = "Pods-PracticeTimer.release.xcconfig"; path = "Pods/Target Support Files/Pods-PracticeTimer/Pods-PracticeTimer.release.xcconfig"; sourceTree = "<group>"; };
		950610AD1E6F1CB9003594B0 /* RealmModel.swift */ = {isa = PBXFileReference; fileEncoding = 4; lastKnownFileType = sourcecode.swift; path = RealmModel.swift; sourceTree = "<group>"; };
		952548A61E70DB1F00FAAE42 /* StatsViewController.swift */ = {isa = PBXFileReference; fileEncoding = 4; lastKnownFileType = sourcecode.swift; path = StatsViewController.swift; sourceTree = "<group>"; };
		952D11C01E69AB29001BCAFF /* AddViewController.swift */ = {isa = PBXFileReference; fileEncoding = 4; lastKnownFileType = sourcecode.swift; path = AddViewController.swift; sourceTree = "<group>"; };
		952D11C21E69BADB001BCAFF /* BellSelectViewController.swift */ = {isa = PBXFileReference; fileEncoding = 4; lastKnownFileType = sourcecode.swift; path = BellSelectViewController.swift; sourceTree = "<group>"; };
		952D11C41E69D31F001BCAFF /* BellCollectionViewCell.swift */ = {isa = PBXFileReference; fileEncoding = 4; lastKnownFileType = sourcecode.swift; path = BellCollectionViewCell.swift; sourceTree = "<group>"; };
		95952C571EE61A6900C1201E /* UserNotifications.framework */ = {isa = PBXFileReference; lastKnownFileType = wrapper.framework; name = UserNotifications.framework; path = System/Library/Frameworks/UserNotifications.framework; sourceTree = SDKROOT; };
		95FADB411E68579E0005B11F /* PracticeTimer.app */ = {isa = PBXFileReference; explicitFileType = wrapper.application; includeInIndex = 0; path = PracticeTimer.app; sourceTree = BUILT_PRODUCTS_DIR; };
		95FADB441E68579E0005B11F /* AppDelegate.swift */ = {isa = PBXFileReference; lastKnownFileType = sourcecode.swift; path = AppDelegate.swift; sourceTree = "<group>"; };
		95FADB461E68579E0005B11F /* ViewController.swift */ = {isa = PBXFileReference; lastKnownFileType = sourcecode.swift; path = ViewController.swift; sourceTree = "<group>"; };
		95FADB491E68579E0005B11F /* Base */ = {isa = PBXFileReference; lastKnownFileType = file.storyboard; name = Base; path = Base.lproj/Main.storyboard; sourceTree = "<group>"; };
		95FADB4B1E68579E0005B11F /* Assets.xcassets */ = {isa = PBXFileReference; lastKnownFileType = folder.assetcatalog; path = Assets.xcassets; sourceTree = "<group>"; };
		95FADB4E1E68579E0005B11F /* Base */ = {isa = PBXFileReference; lastKnownFileType = file.storyboard; name = Base; path = Base.lproj/LaunchScreen.storyboard; sourceTree = "<group>"; };
		95FADB501E68579E0005B11F /* Info.plist */ = {isa = PBXFileReference; lastKnownFileType = text.plist.xml; path = Info.plist; sourceTree = "<group>"; };
		95FADB561E685A390005B11F /* sounds */ = {isa = PBXFileReference; lastKnownFileType = folder; path = sounds; sourceTree = "<group>"; };
		95FADB5A1E685EA50005B11F /* PresetsTableViewController.swift */ = {isa = PBXFileReference; fileEncoding = 4; lastKnownFileType = sourcecode.swift; path = PresetsTableViewController.swift; sourceTree = "<group>"; };
		95FADB5C1E6862670005B11F /* TableViewCell.swift */ = {isa = PBXFileReference; fileEncoding = 4; lastKnownFileType = sourcecode.swift; path = TableViewCell.swift; sourceTree = "<group>"; };
		CB0D048C71263EF99E430CAC /* Pods_PracticeTimer.framework */ = {isa = PBXFileReference; explicitFileType = wrapper.framework; includeInIndex = 0; path = Pods_PracticeTimer.framework; sourceTree = BUILT_PRODUCTS_DIR; };
/* End PBXFileReference section */

/* Begin PBXFrameworksBuildPhase section */
		95FADB3E1E68579E0005B11F /* Frameworks */ = {
			isa = PBXFrameworksBuildPhase;
			buildActionMask = 2147483647;
			files = (
				95952C581EE61A6900C1201E /* UserNotifications.framework in Frameworks */,
				FD564C30B7D0C90B427341A3 /* Pods_PracticeTimer.framework in Frameworks */,
			);
			runOnlyForDeploymentPostprocessing = 0;
		};
/* End PBXFrameworksBuildPhase section */

/* Begin PBXGroup section */
		01FED906895E154DB33BF14A /* Frameworks */ = {
			isa = PBXGroup;
			children = (
				95952C571EE61A6900C1201E /* UserNotifications.framework */,
				CB0D048C71263EF99E430CAC /* Pods_PracticeTimer.framework */,
			);
			name = Frameworks;
			sourceTree = "<group>";
		};
		08590F677F6EBE729540DEEB /* Pods */ = {
			isa = PBXGroup;
			children = (
				08F7DB090AD6BBB6FFD288AE /* Pods-PracticeTimer.debug.xcconfig */,
				4A8A945AFC7A111A909F84DC /* Pods-PracticeTimer.release.xcconfig */,
			);
			name = Pods;
			sourceTree = "<group>";
		};
		95FADB381E68579E0005B11F = {
			isa = PBXGroup;
			children = (
				95FADB431E68579E0005B11F /* PracticeTimer */,
				95FADB421E68579E0005B11F /* Products */,
				08590F677F6EBE729540DEEB /* Pods */,
				01FED906895E154DB33BF14A /* Frameworks */,
			);
			sourceTree = "<group>";
		};
		95FADB421E68579E0005B11F /* Products */ = {
			isa = PBXGroup;
			children = (
				95FADB411E68579E0005B11F /* PracticeTimer.app */,
			);
			name = Products;
			sourceTree = "<group>";
		};
		95FADB431E68579E0005B11F /* PracticeTimer */ = {
			isa = PBXGroup;
			children = (
				95FADB441E68579E0005B11F /* AppDelegate.swift */,
				95FADB461E68579E0005B11F /* ViewController.swift */,
				95FADB5A1E685EA50005B11F /* PresetsTableViewController.swift */,
				95FADB5C1E6862670005B11F /* TableViewCell.swift */,
				952D11C01E69AB29001BCAFF /* AddViewController.swift */,
				952D11C21E69BADB001BCAFF /* BellSelectViewController.swift */,
				952D11C41E69D31F001BCAFF /* BellCollectionViewCell.swift */,
				952548A61E70DB1F00FAAE42 /* StatsViewController.swift */,
				95FADB481E68579E0005B11F /* Main.storyboard */,
				95FADB4B1E68579E0005B11F /* Assets.xcassets */,
				95FADB561E685A390005B11F /* sounds */,
				95FADB4D1E68579E0005B11F /* LaunchScreen.storyboard */,
				950610AD1E6F1CB9003594B0 /* RealmModel.swift */,
				95FADB501E68579E0005B11F /* Info.plist */,
			);
			path = PracticeTimer;
			sourceTree = "<group>";
		};
/* End PBXGroup section */

/* Begin PBXNativeTarget section */
		95FADB401E68579E0005B11F /* PracticeTimer */ = {
			isa = PBXNativeTarget;
			buildConfigurationList = 95FADB531E68579E0005B11F /* Build configuration list for PBXNativeTarget "PracticeTimer" */;
			buildPhases = (
				EFEFEA9404BF0EB3DCCB18FA /* [CP] Check Pods Manifest.lock */,
				95FADB3D1E68579E0005B11F /* Sources */,
				95FADB3E1E68579E0005B11F /* Frameworks */,
				95FADB3F1E68579E0005B11F /* Resources */,
				B7B7D73804F4AAEA0AC07C05 /* [CP] Embed Pods Frameworks */,
				CAC0DC01AFC7D34949AC48D2 /* [CP] Copy Pods Resources */,
			);
			buildRules = (
			);
			dependencies = (
			);
			name = PracticeTimer;
			productName = PracticeTimer;
			productReference = 95FADB411E68579E0005B11F /* PracticeTimer.app */;
			productType = "com.apple.product-type.application";
		};
/* End PBXNativeTarget section */

/* Begin PBXProject section */
		95FADB391E68579E0005B11F /* Project object */ = {
			isa = PBXProject;
			attributes = {
				LastSwiftUpdateCheck = 0820;
				LastUpgradeCheck = 0820;
				ORGANIZATIONNAME = "Matthew Mauro";
				TargetAttributes = {
					95FADB401E68579E0005B11F = {
						CreatedOnToolsVersion = 8.2.1;
						DevelopmentTeam = 5S7CM55XUG;
						ProvisioningStyle = Automatic;
						SystemCapabilities = {
							com.apple.BackgroundModes = {
								enabled = 1;
							};
						};
					};
				};
			};
			buildConfigurationList = 95FADB3C1E68579E0005B11F /* Build configuration list for PBXProject "PracticeTimer" */;
			compatibilityVersion = "Xcode 3.2";
			developmentRegion = English;
			hasScannedForEncodings = 0;
			knownRegions = (
				en,
				Base,
			);
			mainGroup = 95FADB381E68579E0005B11F;
			productRefGroup = 95FADB421E68579E0005B11F /* Products */;
			projectDirPath = "";
			projectRoot = "";
			targets = (
				95FADB401E68579E0005B11F /* PracticeTimer */,
			);
		};
/* End PBXProject section */

/* Begin PBXResourcesBuildPhase section */
		95FADB3F1E68579E0005B11F /* Resources */ = {
			isa = PBXResourcesBuildPhase;
			buildActionMask = 2147483647;
			files = (
				95FADB4F1E68579E0005B11F /* LaunchScreen.storyboard in Resources */,
				95FADB4C1E68579E0005B11F /* Assets.xcassets in Resources */,
				95FADB571E685A390005B11F /* sounds in Resources */,
				95FADB4A1E68579E0005B11F /* Main.storyboard in Resources */,
			);
			runOnlyForDeploymentPostprocessing = 0;
		};
/* End PBXResourcesBuildPhase section */

/* Begin PBXShellScriptBuildPhase section */
		B7B7D73804F4AAEA0AC07C05 /* [CP] Embed Pods Frameworks */ = {
			isa = PBXShellScriptBuildPhase;
			buildActionMask = 2147483647;
			files = (
			);
			inputPaths = (
			);
			name = "[CP] Embed Pods Frameworks";
			outputPaths = (
			);
			runOnlyForDeploymentPostprocessing = 0;
			shellPath = /bin/sh;
			shellScript = "\"${SRCROOT}/Pods/Target Support Files/Pods-PracticeTimer/Pods-PracticeTimer-frameworks.sh\"\n";
			showEnvVarsInLog = 0;
		};
		CAC0DC01AFC7D34949AC48D2 /* [CP] Copy Pods Resources */ = {
			isa = PBXShellScriptBuildPhase;
			buildActionMask = 2147483647;
			files = (
			);
			inputPaths = (
			);
			name = "[CP] Copy Pods Resources";
			outputPaths = (
			);
			runOnlyForDeploymentPostprocessing = 0;
			shellPath = /bin/sh;
			shellScript = "\"${SRCROOT}/Pods/Target Support Files/Pods-PracticeTimer/Pods-PracticeTimer-resources.sh\"\n";
			showEnvVarsInLog = 0;
		};
		EFEFEA9404BF0EB3DCCB18FA /* [CP] Check Pods Manifest.lock */ = {
			isa = PBXShellScriptBuildPhase;
			buildActionMask = 2147483647;
			files = (
			);
			inputPaths = (
			);
			name = "[CP] Check Pods Manifest.lock";
			outputPaths = (
			);
			runOnlyForDeploymentPostprocessing = 0;
			shellPath = /bin/sh;
			shellScript = "diff \"${PODS_ROOT}/../Podfile.lock\" \"${PODS_ROOT}/Manifest.lock\" > /dev/null\nif [ $? != 0 ] ; then\n    # print error to STDERR\n    echo \"error: The sandbox is not in sync with the Podfile.lock. Run 'pod install' or update your CocoaPods installation.\" >&2\n    exit 1\nfi\n";
			showEnvVarsInLog = 0;
		};
/* End PBXShellScriptBuildPhase section */

/* Begin PBXSourcesBuildPhase section */
		95FADB3D1E68579E0005B11F /* Sources */ = {
			isa = PBXSourcesBuildPhase;
			buildActionMask = 2147483647;
			files = (
				95FADB471E68579E0005B11F /* ViewController.swift in Sources */,
				95FADB5D1E6862670005B11F /* TableViewCell.swift in Sources */,
				950610AE1E6F1CB9003594B0 /* RealmModel.swift in Sources */,
				952D11C11E69AB29001BCAFF /* AddViewController.swift in Sources */,
				952D11C51E69D31F001BCAFF /* BellCollectionViewCell.swift in Sources */,
				95FADB451E68579E0005B11F /* AppDelegate.swift in Sources */,
				95FADB5B1E685EA50005B11F /* PresetsTableViewController.swift in Sources */,
				952548A71E70DB1F00FAAE42 /* StatsViewController.swift in Sources */,
				952D11C31E69BADB001BCAFF /* BellSelectViewController.swift in Sources */,
			);
			runOnlyForDeploymentPostprocessing = 0;
		};
/* End PBXSourcesBuildPhase section */

/* Begin PBXVariantGroup section */
		95FADB481E68579E0005B11F /* Main.storyboard */ = {
			isa = PBXVariantGroup;
			children = (
				95FADB491E68579E0005B11F /* Base */,
			);
			name = Main.storyboard;
			sourceTree = "<group>";
		};
		95FADB4D1E68579E0005B11F /* LaunchScreen.storyboard */ = {
			isa = PBXVariantGroup;
			children = (
				95FADB4E1E68579E0005B11F /* Base */,
			);
			name = LaunchScreen.storyboard;
			sourceTree = "<group>";
		};
/* End PBXVariantGroup section */

/* Begin XCBuildConfiguration section */
		95FADB511E68579E0005B11F /* Debug */ = {
			isa = XCBuildConfiguration;
			buildSettings = {
				ALWAYS_SEARCH_USER_PATHS = NO;
				CLANG_ANALYZER_NONNULL = YES;
				CLANG_CXX_LANGUAGE_STANDARD = "gnu++0x";
				CLANG_CXX_LIBRARY = "libc++";
				CLANG_ENABLE_MODULES = YES;
				CLANG_ENABLE_OBJC_ARC = YES;
				CLANG_WARN_BOOL_CONVERSION = YES;
				CLANG_WARN_CONSTANT_CONVERSION = YES;
				CLANG_WARN_DIRECT_OBJC_ISA_USAGE = YES_ERROR;
				CLANG_WARN_DOCUMENTATION_COMMENTS = YES;
				CLANG_WARN_EMPTY_BODY = YES;
				CLANG_WARN_ENUM_CONVERSION = YES;
				CLANG_WARN_INFINITE_RECURSION = YES;
				CLANG_WARN_INT_CONVERSION = YES;
				CLANG_WARN_OBJC_ROOT_CLASS = YES_ERROR;
				CLANG_WARN_SUSPICIOUS_MOVE = YES;
				CLANG_WARN_UNREACHABLE_CODE = YES;
				CLANG_WARN__DUPLICATE_METHOD_MATCH = YES;
				"CODE_SIGN_IDENTITY[sdk=iphoneos*]" = "iPhone Developer";
				COPY_PHASE_STRIP = NO;
				DEBUG_INFORMATION_FORMAT = dwarf;
				ENABLE_STRICT_OBJC_MSGSEND = YES;
				ENABLE_TESTABILITY = YES;
				GCC_C_LANGUAGE_STANDARD = gnu99;
				GCC_DYNAMIC_NO_PIC = NO;
				GCC_NO_COMMON_BLOCKS = YES;
				GCC_OPTIMIZATION_LEVEL = 0;
				GCC_PREPROCESSOR_DEFINITIONS = (
					"DEBUG=1",
					"$(inherited)",
				);
				GCC_WARN_64_TO_32_BIT_CONVERSION = YES;
				GCC_WARN_ABOUT_RETURN_TYPE = YES_ERROR;
				GCC_WARN_UNDECLARED_SELECTOR = YES;
				GCC_WARN_UNINITIALIZED_AUTOS = YES_AGGRESSIVE;
				GCC_WARN_UNUSED_FUNCTION = YES;
				GCC_WARN_UNUSED_VARIABLE = YES;
				IPHONEOS_DEPLOYMENT_TARGET = 10.2;
				MTL_ENABLE_DEBUG_INFO = YES;
				ONLY_ACTIVE_ARCH = YES;
				SDKROOT = iphoneos;
				SWIFT_ACTIVE_COMPILATION_CONDITIONS = DEBUG;
				SWIFT_OBJC_BRIDGING_HEADER = "";
				SWIFT_OPTIMIZATION_LEVEL = "-O";
			};
			name = Debug;
		};
		95FADB521E68579E0005B11F /* Release */ = {
			isa = XCBuildConfiguration;
			buildSettings = {
				ALWAYS_SEARCH_USER_PATHS = NO;
				CLANG_ANALYZER_NONNULL = YES;
				CLANG_CXX_LANGUAGE_STANDARD = "gnu++0x";
				CLANG_CXX_LIBRARY = "libc++";
				CLANG_ENABLE_MODULES = YES;
				CLANG_ENABLE_OBJC_ARC = YES;
				CLANG_WARN_BOOL_CONVERSION = YES;
				CLANG_WARN_CONSTANT_CONVERSION = YES;
				CLANG_WARN_DIRECT_OBJC_ISA_USAGE = YES_ERROR;
				CLANG_WARN_DOCUMENTATION_COMMENTS = YES;
				CLANG_WARN_EMPTY_BODY = YES;
				CLANG_WARN_ENUM_CONVERSION = YES;
				CLANG_WARN_INFINITE_RECURSION = YES;
				CLANG_WARN_INT_CONVERSION = YES;
				CLANG_WARN_OBJC_ROOT_CLASS = YES_ERROR;
				CLANG_WARN_SUSPICIOUS_MOVE = YES;
				CLANG_WARN_UNREACHABLE_CODE = YES;
				CLANG_WARN__DUPLICATE_METHOD_MATCH = YES;
				"CODE_SIGN_IDENTITY[sdk=iphoneos*]" = "iPhone Developer";
				COPY_PHASE_STRIP = NO;
				DEBUG_INFORMATION_FORMAT = "dwarf-with-dsym";
				ENABLE_NS_ASSERTIONS = NO;
				ENABLE_STRICT_OBJC_MSGSEND = YES;
				GCC_C_LANGUAGE_STANDARD = gnu99;
				GCC_NO_COMMON_BLOCKS = YES;
				GCC_WARN_64_TO_32_BIT_CONVERSION = YES;
				GCC_WARN_ABOUT_RETURN_TYPE = YES_ERROR;
				GCC_WARN_UNDECLARED_SELECTOR = YES;
				GCC_WARN_UNINITIALIZED_AUTOS = YES_AGGRESSIVE;
				GCC_WARN_UNUSED_FUNCTION = YES;
				GCC_WARN_UNUSED_VARIABLE = YES;
				IPHONEOS_DEPLOYMENT_TARGET = 10.2;
				MTL_ENABLE_DEBUG_INFO = NO;
				SDKROOT = iphoneos;
				SWIFT_OBJC_BRIDGING_HEADER = "";
				SWIFT_OPTIMIZATION_LEVEL = "-Owholemodule";
				VALIDATE_PRODUCT = YES;
			};
			name = Release;
		};
		95FADB541E68579E0005B11F /* Debug */ = {
			isa = XCBuildConfiguration;
			baseConfigurationReference = 08F7DB090AD6BBB6FFD288AE /* Pods-PracticeTimer.debug.xcconfig */;
			buildSettings = {
				ALWAYS_EMBED_SWIFT_STANDARD_LIBRARIES = YES;
				ASSETCATALOG_COMPILER_APPICON_NAME = AppIcon;
				DEVELOPMENT_TEAM = 5S7CM55XUG;
				INFOPLIST_FILE = PracticeTimer/Info.plist;
				LD_RUNPATH_SEARCH_PATHS = "$(inherited) @executable_path/Frameworks";
				PRODUCT_BUNDLE_IDENTIFIER = kurokakari.PracticeTimer;
				PRODUCT_NAME = "$(TARGET_NAME)";
				SWIFT_VERSION = 3.0;
			};
			name = Debug;
		};
		95FADB551E68579E0005B11F /* Release */ = {
			isa = XCBuildConfiguration;
			baseConfigurationReference = 4A8A945AFC7A111A909F84DC /* Pods-PracticeTimer.release.xcconfig */;
			buildSettings = {
				ALWAYS_EMBED_SWIFT_STANDARD_LIBRARIES = YES;
				ASSETCATALOG_COMPILER_APPICON_NAME = AppIcon;
				DEVELOPMENT_TEAM = 5S7CM55XUG;
				INFOPLIST_FILE = PracticeTimer/Info.plist;
				LD_RUNPATH_SEARCH_PATHS = "$(inherited) @executable_path/Frameworks";
				PRODUCT_BUNDLE_IDENTIFIER = kurokakari.PracticeTimer;
				PRODUCT_NAME = "$(TARGET_NAME)";
				SWIFT_VERSION = 3.0;
			};
			name = Release;
		};
/* End XCBuildConfiguration section */

/* Begin XCConfigurationList section */
		95FADB3C1E68579E0005B11F /* Build configuration list for PBXProject "PracticeTimer" */ = {
			isa = XCConfigurationList;
			buildConfigurations = (
				95FADB511E68579E0005B11F /* Debug */,
				95FADB521E68579E0005B11F /* Release */,
			);
			defaultConfigurationIsVisible = 0;
			defaultConfigurationName = Release;
		};
		95FADB531E68579E0005B11F /* Build configuration list for PBXNativeTarget "PracticeTimer" */ = {
			isa = XCConfigurationList;
			buildConfigurations = (
				95FADB541E68579E0005B11F /* Debug */,
				95FADB551E68579E0005B11F /* Release */,
			);
			defaultConfigurationIsVisible = 0;
			defaultConfigurationName = Release;
		};
/* End XCConfigurationList section */
	};
	rootObject = 95FADB391E68579E0005B11F /* Project object */;
}
